
Microsoft Visual Studio Solution File, Format Version 12.00
# Visual Studio Version 16
VisualStudioVersion = 16.0.30503.244
MinimumVisualStudioVersion = 10.0.40219.1
Project("{FAE04EC0-301F-11D3-BF4B-00C04F79EFBC}") = "FERIA.CLASES", "FERIA.CLASES\FERIA.CLASES.csproj", "{3FB3141E-4253-492F-A8D6-768E20720EE3}"
EndProject
Project("{FAE04EC0-301F-11D3-BF4B-00C04F79EFBC}") = "FERIA.NEGOCIO", "FERIA.NEGOCIO\FERIA.NEGOCIO.csproj", "{CFF95ED2-925A-4253-944F-26D1DCE24466}"
EndProject
Project("{FAE04EC0-301F-11D3-BF4B-00C04F79EFBC}") = "FERIA.STORE", "FERIA.STORE\FERIA.STORE.csproj", "{C8F5D5D5-6812-4643-8C22-7826CA4AE316}"
EndProject
Project("{2150E333-8FDC-42A3-9474-1A3956D46DE8}") = "0 - API", "0 - API", "{E4527BC6-DDEA-4EFC-A3A4-F522E2175D0A}"
EndProject
Project("{FAE04EC0-301F-11D3-BF4B-00C04F79EFBC}") = "FERIA.API", "FERIA.API\FERIA.API.csproj", "{FC32D1A2-2971-49BB-9976-4E99B5584731}"
EndProject
Project("{2150E333-8FDC-42A3-9474-1A3956D46DE8}") = "2 - NEGOCIO", "2 - NEGOCIO", "{C7D0A1D3-ECF2-49FE-8067-18FD4EE3436F}"
EndProject
Project("{2150E333-8FDC-42A3-9474-1A3956D46DE8}") = "3 - CLASES", "3 - CLASES", "{01FD5D9E-0859-4321-A963-EE8F1BB15BBA}"
EndProject
Project("{2150E333-8FDC-42A3-9474-1A3956D46DE8}") = "4 - STORE", "4 - STORE", "{EC716342-4AB0-4F36-B816-97EFF9C97528}"
EndProject
Project("{2150E333-8FDC-42A3-9474-1A3956D46DE8}") = "1 - PRESENTACION", "1 - PRESENTACION", "{69D577E2-A75C-4E9D-8026-4F00B37E328F}"
EndProject
Project("{2150E333-8FDC-42A3-9474-1A3956D46DE8}") = "97 - ORACLE", "97 - ORACLE", "{FBE241F6-2B54-447C-AF27-4695ED820EEA}"
EndProject
Project("{218574D1-FF94-4B95-8577-A6D58C11C315}") = "Oracle.FeriaVirtual", "Oracle.FeriaVirtual\Oracle.FeriaVirtual.oradbproj", "{2EBC4222-745A-4728-BD9A-1D9B33957FB0}"
EndProject
Project("{FAE04EC0-301F-11D3-BF4B-00C04F79EFBC}") = "FERIA.FRONT", "FERIA.FRONT\FERIA.FRONT.csproj", "{0183CE4F-558A-433C-96D8-4C62C4767BA9}"
EndProject
Project("{FAE04EC0-301F-11D3-BF4B-00C04F79EFBC}") = "FERIA.FRONT.NEGOCIO", "FERIA.FRONT.NEGOCIO\FERIA.FRONT.NEGOCIO.csproj", "{98F02528-2065-4BBC-BC6E-6BEC5EDD2564}"
EndProject
Project("{2150E333-8FDC-42A3-9474-1A3956D46DE8}") = "98 - DLL", "98 - DLL", "{FDD623C9-93F3-4734-A5FE-E6746542B182}"
	ProjectSection(SolutionItems) = preProject
		..\..\..\..\..\..\CODE\ASP.NET\SOLUCIONES\SOLUCION EXCELs\Lib\RestSharp.dll = ..\..\..\..\..\..\CODE\ASP.NET\SOLUCIONES\SOLUCION EXCELs\Lib\RestSharp.dll
	EndProjectSection
EndProject
Project("{2150E333-8FDC-42A3-9474-1A3956D46DE8}") = "96 - TESTS", "96 - TESTS", "{CFECBB5B-BAB0-4D3A-969E-956F063B9923}"
EndProject
Project("{FAE04EC0-301F-11D3-BF4B-00C04F79EFBC}") = "FERIA.NEGOCIO.TESTS", "FERIA.NEGOCIO.TESTS\FERIA.NEGOCIO.TESTS.csproj", "{05A8AF3E-44BF-4959-8CD5-41D99DEB43F0}"
EndProject
Global
	GlobalSection(SolutionConfigurationPlatforms) = preSolution
		Debug|Any CPU = Debug|Any CPU
		Release|Any CPU = Release|Any CPU
	EndGlobalSection
	GlobalSection(ProjectConfigurationPlatforms) = postSolution
		{3FB3141E-4253-492F-A8D6-768E20720EE3}.Debug|Any CPU.ActiveCfg = Debug|Any CPU
		{3FB3141E-4253-492F-A8D6-768E20720EE3}.Debug|Any CPU.Build.0 = Debug|Any CPU
		{3FB3141E-4253-492F-A8D6-768E20720EE3}.Release|Any CPU.ActiveCfg = Release|Any CPU
		{3FB3141E-4253-492F-A8D6-768E20720EE3}.Release|Any CPU.Build.0 = Release|Any CPU
		{CFF95ED2-925A-4253-944F-26D1DCE24466}.Debug|Any CPU.ActiveCfg = Debug|Any CPU
		{CFF95ED2-925A-4253-944F-26D1DCE24466}.Debug|Any CPU.Build.0 = Debug|Any CPU
		{CFF95ED2-925A-4253-944F-26D1DCE24466}.Release|Any CPU.ActiveCfg = Release|Any CPU
		{CFF95ED2-925A-4253-944F-26D1DCE24466}.Release|Any CPU.Build.0 = Release|Any CPU
		{C8F5D5D5-6812-4643-8C22-7826CA4AE316}.Debug|Any CPU.ActiveCfg = Debug|Any CPU
		{C8F5D5D5-6812-4643-8C22-7826CA4AE316}.Debug|Any CPU.Build.0 = Debug|Any CPU
		{C8F5D5D5-6812-4643-8C22-7826CA4AE316}.Release|Any CPU.ActiveCfg = Release|Any CPU
		{C8F5D5D5-6812-4643-8C22-7826CA4AE316}.Release|Any CPU.Build.0 = Release|Any CPU
		{FC32D1A2-2971-49BB-9976-4E99B5584731}.Debug|Any CPU.ActiveCfg = Debug|Any CPU
		{FC32D1A2-2971-49BB-9976-4E99B5584731}.Debug|Any CPU.Build.0 = Debug|Any CPU
		{FC32D1A2-2971-49BB-9976-4E99B5584731}.Release|Any CPU.ActiveCfg = Release|Any CPU
		{FC32D1A2-2971-49BB-9976-4E99B5584731}.Release|Any CPU.Build.0 = Release|Any CPU
		{0183CE4F-558A-433C-96D8-4C62C4767BA9}.Debug|Any CPU.ActiveCfg = Debug|Any CPU
		{0183CE4F-558A-433C-96D8-4C62C4767BA9}.Debug|Any CPU.Build.0 = Debug|Any CPU
		{0183CE4F-558A-433C-96D8-4C62C4767BA9}.Release|Any CPU.ActiveCfg = Release|Any CPU
		{0183CE4F-558A-433C-96D8-4C62C4767BA9}.Release|Any CPU.Build.0 = Release|Any CPU
		{98F02528-2065-4BBC-BC6E-6BEC5EDD2564}.Debug|Any CPU.ActiveCfg = Debug|Any CPU
		{98F02528-2065-4BBC-BC6E-6BEC5EDD2564}.Debug|Any CPU.Build.0 = Debug|Any CPU
		{98F02528-2065-4BBC-BC6E-6BEC5EDD2564}.Release|Any CPU.ActiveCfg = Release|Any CPU
		{98F02528-2065-4BBC-BC6E-6BEC5EDD2564}.Release|Any CPU.Build.0 = Release|Any CPU
		{05A8AF3E-44BF-4959-8CD5-41D99DEB43F0}.Debug|Any CPU.ActiveCfg = Debug|Any CPU
		{05A8AF3E-44BF-4959-8CD5-41D99DEB43F0}.Debug|Any CPU.Build.0 = Debug|Any CPU
		{05A8AF3E-44BF-4959-8CD5-41D99DEB43F0}.Release|Any CPU.ActiveCfg = Release|Any CPU
		{05A8AF3E-44BF-4959-8CD5-41D99DEB43F0}.Release|Any CPU.Build.0 = Release|Any CPU
	EndGlobalSection
	GlobalSection(SolutionProperties) = preSolution
		HideSolutionNode = FALSE
	EndGlobalSection
	GlobalSection(NestedProjects) = preSolution
		{3FB3141E-4253-492F-A8D6-768E20720EE3} = {01FD5D9E-0859-4321-A963-EE8F1BB15BBA}
		{CFF95ED2-925A-4253-944F-26D1DCE24466} = {C7D0A1D3-ECF2-49FE-8067-18FD4EE3436F}
		{C8F5D5D5-6812-4643-8C22-7826CA4AE316} = {EC716342-4AB0-4F36-B816-97EFF9C97528}
		{FC32D1A2-2971-49BB-9976-4E99B5584731} = {E4527BC6-DDEA-4EFC-A3A4-F522E2175D0A}
		{2EBC4222-745A-4728-BD9A-1D9B33957FB0} = {FBE241F6-2B54-447C-AF27-4695ED820EEA}
		{0183CE4F-558A-433C-96D8-4C62C4767BA9} = {69D577E2-A75C-4E9D-8026-4F00B37E328F}
		{98F02528-2065-4BBC-BC6E-6BEC5EDD2564} = {69D577E2-A75C-4E9D-8026-4F00B37E328F}
		{05A8AF3E-44BF-4959-8CD5-41D99DEB43F0} = {CFECBB5B-BAB0-4D3A-969E-956F063B9923}
	EndGlobalSection
	GlobalSection(ExtensibilityGlobals) = postSolution
		SolutionGuid = {6C161B8D-F623-4BFE-B58F-08E12CC19BDD}
	EndGlobalSection
EndGlobal
